// !$*UTF8*$!
{
	archiveVersion = 1;
	classes = {
	};
	objectVersion = 46;
	objects = {

/* Begin PBXBuildFile section */
		C52A5D381D4F699100AB86C6 /* UnboxedAlamofire.h in Headers */ = {isa = PBXBuildFile; fileRef = C52A5D371D4F699100AB86C6 /* UnboxedAlamofire.h */; settings = {ATTRIBUTES = (Public, ); }; };
		C52A5D441D4F699100AB86C6 /* UnboxedAlamofireTests.swift in Sources */ = {isa = PBXBuildFile; fileRef = C52A5D431D4F699100AB86C6 /* UnboxedAlamofireTests.swift */; };
		C58251DE1D4FC06F009DC108 /* UnboxedAlamofire.swift in Sources */ = {isa = PBXBuildFile; fileRef = C58251DD1D4FC06F009DC108 /* UnboxedAlamofire.swift */; };
		C58251E01D4FC076009DC108 /* Candy.swift in Sources */ = {isa = PBXBuildFile; fileRef = C58251DF1D4FC076009DC108 /* Candy.swift */; };
		C58A67681DEB389200C10DCF /* Alamofire.framework in Frameworks */ = {isa = PBXBuildFile; fileRef = C581210E1DEB30280084F327 /* Alamofire.framework */; };
		C58A67691DEB389200C10DCF /* Unbox.framework in Frameworks */ = {isa = PBXBuildFile; fileRef = C58121261DEB302E0084F327 /* Unbox.framework */; };
		C58A676C1DEB38B400C10DCF /* Alamofire.framework in Frameworks */ = {isa = PBXBuildFile; fileRef = C58121161DEB30280084F327 /* Alamofire.framework */; };
		C58A676D1DEB38B400C10DCF /* Unbox.framework in Frameworks */ = {isa = PBXBuildFile; fileRef = C581212C1DEB302E0084F327 /* Unbox.framework */; };
		C58A676E1DEB38BF00C10DCF /* Alamofire.framework in Frameworks */ = {isa = PBXBuildFile; fileRef = C581211A1DEB30280084F327 /* Alamofire.framework */; };
		C58A676F1DEB38BF00C10DCF /* Unbox.framework in Frameworks */ = {isa = PBXBuildFile; fileRef = C581212A1DEB302E0084F327 /* Unbox.framework */; };
		C5BF74361DEB40BB002E2485 /* Alamofire.framework in Frameworks */ = {isa = PBXBuildFile; fileRef = C58121121DEB30280084F327 /* Alamofire.framework */; };
		C5BF74371DEB40BB002E2485 /* Unbox.framework in Frameworks */ = {isa = PBXBuildFile; fileRef = C58121281DEB302E0084F327 /* Unbox.framework */; };
		C5CDBA251D50A5B800992A82 /* UnboxedAlamofire.framework in CopyFiles */ = {isa = PBXBuildFile; fileRef = C52A5D341D4F699100AB86C6 /* UnboxedAlamofire.framework */; settings = {ATTRIBUTES = (CodeSignOnCopy, RemoveHeadersOnCopy, ); }; };
		C5CDBA281D50A5E000992A82 /* UnboxedAlamofire.swift in Sources */ = {isa = PBXBuildFile; fileRef = C58251DD1D4FC06F009DC108 /* UnboxedAlamofire.swift */; };
		C5CDBA2D1D50A5E000992A82 /* UnboxedAlamofire.h in Headers */ = {isa = PBXBuildFile; fileRef = C52A5D371D4F699100AB86C6 /* UnboxedAlamofire.h */; settings = {ATTRIBUTES = (Public, ); }; };
		C5CDBA361D50A5E900992A82 /* UnboxedAlamofire.swift in Sources */ = {isa = PBXBuildFile; fileRef = C58251DD1D4FC06F009DC108 /* UnboxedAlamofire.swift */; };
		C5CDBA3B1D50A5E900992A82 /* UnboxedAlamofire.h in Headers */ = {isa = PBXBuildFile; fileRef = C52A5D371D4F699100AB86C6 /* UnboxedAlamofire.h */; settings = {ATTRIBUTES = (Public, ); }; };
		C5CDBA441D50A5F000992A82 /* UnboxedAlamofire.swift in Sources */ = {isa = PBXBuildFile; fileRef = C58251DD1D4FC06F009DC108 /* UnboxedAlamofire.swift */; };
		C5CDBA491D50A5F000992A82 /* UnboxedAlamofire.h in Headers */ = {isa = PBXBuildFile; fileRef = C52A5D371D4F699100AB86C6 /* UnboxedAlamofire.h */; settings = {ATTRIBUTES = (Public, ); }; };
		C5CDBA541D50A61700992A82 /* UnboxedAlamofireTests.swift in Sources */ = {isa = PBXBuildFile; fileRef = C52A5D431D4F699100AB86C6 /* UnboxedAlamofireTests.swift */; };
		C5CDBA551D50A61700992A82 /* Candy.swift in Sources */ = {isa = PBXBuildFile; fileRef = C58251DF1D4FC076009DC108 /* Candy.swift */; };
		C5CDBA5D1D50A61700992A82 /* UnboxedAlamofire.framework in CopyFiles */ = {isa = PBXBuildFile; fileRef = C52A5D341D4F699100AB86C6 /* UnboxedAlamofire.framework */; settings = {ATTRIBUTES = (CodeSignOnCopy, RemoveHeadersOnCopy, ); }; };
		C5CDBA671D50A62600992A82 /* UnboxedAlamofireTests.swift in Sources */ = {isa = PBXBuildFile; fileRef = C52A5D431D4F699100AB86C6 /* UnboxedAlamofireTests.swift */; };
		C5CDBA681D50A62600992A82 /* Candy.swift in Sources */ = {isa = PBXBuildFile; fileRef = C58251DF1D4FC076009DC108 /* Candy.swift */; };
		C5CDBA701D50A62600992A82 /* UnboxedAlamofire.framework in CopyFiles */ = {isa = PBXBuildFile; fileRef = C52A5D341D4F699100AB86C6 /* UnboxedAlamofire.framework */; settings = {ATTRIBUTES = (CodeSignOnCopy, RemoveHeadersOnCopy, ); }; };
/* End PBXBuildFile section */

/* Begin PBXContainerItemProxy section */
		C541FEF01D93F03E00FBA7B8 /* PBXContainerItemProxy */ = {
			isa = PBXContainerItemProxy;
			containerPortal = C52A5D2B1D4F699100AB86C6 /* Project object */;
			proxyType = 1;
			remoteGlobalIDString = C52A5D331D4F699100AB86C6;
			remoteInfo = UnboxedAlamofire_iOS;
		};
		C541FEF21D93F05100FBA7B8 /* PBXContainerItemProxy */ = {
			isa = PBXContainerItemProxy;
			containerPortal = C52A5D2B1D4F699100AB86C6 /* Project object */;
			proxyType = 1;
			remoteGlobalIDString = C5CDBA261D50A5E000992A82;
			remoteInfo = UnboxedAlamofire_macOS;
		};
		C541FEF41D93F05700FBA7B8 /* PBXContainerItemProxy */ = {
			isa = PBXContainerItemProxy;
			containerPortal = C52A5D2B1D4F699100AB86C6 /* Project object */;
			proxyType = 1;
			remoteGlobalIDString = C5CDBA421D50A5F000992A82;
			remoteInfo = UnboxedAlamofire_tvOS;
		};
		C581210D1DEB30280084F327 /* PBXContainerItemProxy */ = {
			isa = PBXContainerItemProxy;
			containerPortal = C58121021DEB30280084F327 /* Alamofire.xcodeproj */;
			proxyType = 2;
			remoteGlobalIDString = F8111E3319A95C8B0040E7D1;
			remoteInfo = "Alamofire iOS";
		};
		C581210F1DEB30280084F327 /* PBXContainerItemProxy */ = {
			isa = PBXContainerItemProxy;
			containerPortal = C58121021DEB30280084F327 /* Alamofire.xcodeproj */;
			proxyType = 2;
			remoteGlobalIDString = F8111E3E19A95C8B0040E7D1;
			remoteInfo = "Alamofire iOS Tests";
		};
		C58121111DEB30280084F327 /* PBXContainerItemProxy */ = {
			isa = PBXContainerItemProxy;
			containerPortal = C58121021DEB30280084F327 /* Alamofire.xcodeproj */;
			proxyType = 2;
			remoteGlobalIDString = 4DD67C0B1A5C55C900ED2280;
			remoteInfo = "Alamofire macOS";
		};
		C58121131DEB30280084F327 /* PBXContainerItemProxy */ = {
			isa = PBXContainerItemProxy;
			containerPortal = C58121021DEB30280084F327 /* Alamofire.xcodeproj */;
			proxyType = 2;
			remoteGlobalIDString = F829C6B21A7A94F100A2CD59;
			remoteInfo = "Alamofire macOS Tests";
		};
		C58121151DEB30280084F327 /* PBXContainerItemProxy */ = {
			isa = PBXContainerItemProxy;
			containerPortal = C58121021DEB30280084F327 /* Alamofire.xcodeproj */;
			proxyType = 2;
			remoteGlobalIDString = 4CF626EF1BA7CB3E0011A099;
			remoteInfo = "Alamofire tvOS";
		};
		C58121171DEB30280084F327 /* PBXContainerItemProxy */ = {
			isa = PBXContainerItemProxy;
			containerPortal = C58121021DEB30280084F327 /* Alamofire.xcodeproj */;
			proxyType = 2;
			remoteGlobalIDString = 4CF626F81BA7CB3E0011A099;
			remoteInfo = "Alamofire tvOS Tests";
		};
		C58121191DEB30280084F327 /* PBXContainerItemProxy */ = {
			isa = PBXContainerItemProxy;
			containerPortal = C58121021DEB30280084F327 /* Alamofire.xcodeproj */;
			proxyType = 2;
			remoteGlobalIDString = E4202FE01B667AA100C997FB;
			remoteInfo = "Alamofire watchOS";
		};
		C58121251DEB302E0084F327 /* PBXContainerItemProxy */ = {
			isa = PBXContainerItemProxy;
			containerPortal = C581211B1DEB302E0084F327 /* Unbox.xcodeproj */;
			proxyType = 2;
			remoteGlobalIDString = 52D6D97C1BEFF229002C0205;
			remoteInfo = "Unbox-iOS";
		};
		C58121271DEB302E0084F327 /* PBXContainerItemProxy */ = {
			isa = PBXContainerItemProxy;
			containerPortal = C581211B1DEB302E0084F327 /* Unbox.xcodeproj */;
			proxyType = 2;
			remoteGlobalIDString = 52D6DA0F1BF000BD002C0205;
			remoteInfo = "Unbox-OSX";
		};
		C58121291DEB302E0084F327 /* PBXContainerItemProxy */ = {
			isa = PBXContainerItemProxy;
			containerPortal = C581211B1DEB302E0084F327 /* Unbox.xcodeproj */;
			proxyType = 2;
			remoteGlobalIDString = 52D6D9E21BEFFF6E002C0205;
			remoteInfo = "Unbox-watchOS";
		};
		C581212B1DEB302E0084F327 /* PBXContainerItemProxy */ = {
			isa = PBXContainerItemProxy;
			containerPortal = C581211B1DEB302E0084F327 /* Unbox.xcodeproj */;
			proxyType = 2;
			remoteGlobalIDString = 52D6D9F01BEFFFBE002C0205;
			remoteInfo = "Unbox-tvOS";
		};
		C581212D1DEB302E0084F327 /* PBXContainerItemProxy */ = {
			isa = PBXContainerItemProxy;
			containerPortal = C581211B1DEB302E0084F327 /* Unbox.xcodeproj */;
			proxyType = 2;
			remoteGlobalIDString = 52D6D9861BEFF229002C0205;
			remoteInfo = "Unbox-iOS Tests";
		};
		C581212F1DEB302E0084F327 /* PBXContainerItemProxy */ = {
			isa = PBXContainerItemProxy;
			containerPortal = C581211B1DEB302E0084F327 /* Unbox.xcodeproj */;
			proxyType = 2;
			remoteGlobalIDString = DD75027A1C68FCFC006590AF;
			remoteInfo = "Unbox-OSX Tests";
		};
		C58121311DEB302E0084F327 /* PBXContainerItemProxy */ = {
			isa = PBXContainerItemProxy;
			containerPortal = C581211B1DEB302E0084F327 /* Unbox.xcodeproj */;
			proxyType = 2;
			remoteGlobalIDString = DD75028D1C690C7A006590AF;
			remoteInfo = "Unbox-tvOS Tests";
		};
/* End PBXContainerItemProxy section */

/* Begin PBXCopyFilesBuildPhase section */
		C5CDBA1F1D50A54A00992A82 /* CopyFiles */ = {
			isa = PBXCopyFilesBuildPhase;
			buildActionMask = 2147483647;
			dstPath = "";
			dstSubfolderSpec = 10;
			files = (
				C5CDBA251D50A5B800992A82 /* UnboxedAlamofire.framework in CopyFiles */,
			);
			runOnlyForDeploymentPostprocessing = 0;
		};
		C5CDBA5A1D50A61700992A82 /* CopyFiles */ = {
			isa = PBXCopyFilesBuildPhase;
			buildActionMask = 2147483647;
			dstPath = "";
			dstSubfolderSpec = 10;
			files = (
				C5CDBA5D1D50A61700992A82 /* UnboxedAlamofire.framework in CopyFiles */,
			);
			runOnlyForDeploymentPostprocessing = 0;
		};
		C5CDBA6D1D50A62600992A82 /* CopyFiles */ = {
			isa = PBXCopyFilesBuildPhase;
			buildActionMask = 2147483647;
			dstPath = "";
			dstSubfolderSpec = 10;
			files = (
				C5CDBA701D50A62600992A82 /* UnboxedAlamofire.framework in CopyFiles */,
			);
			runOnlyForDeploymentPostprocessing = 0;
		};
/* End PBXCopyFilesBuildPhase section */

/* Begin PBXFileReference section */
		C518C9D41DE73F38008A1435 /* Alamofire.framework */ = {isa = PBXFileReference; lastKnownFileType = wrapper.framework; name = Alamofire.framework; path = Carthage/Build/Mac/Alamofire.framework; sourceTree = "<group>"; };
		C518C9D51DE73F38008A1435 /* Unbox.framework */ = {isa = PBXFileReference; lastKnownFileType = wrapper.framework; name = Unbox.framework; path = Carthage/Build/Mac/Unbox.framework; sourceTree = "<group>"; };
		C52A5D341D4F699100AB86C6 /* UnboxedAlamofire.framework */ = {isa = PBXFileReference; explicitFileType = wrapper.framework; includeInIndex = 0; path = UnboxedAlamofire.framework; sourceTree = BUILT_PRODUCTS_DIR; };
		C52A5D371D4F699100AB86C6 /* UnboxedAlamofire.h */ = {isa = PBXFileReference; lastKnownFileType = sourcecode.c.h; path = UnboxedAlamofire.h; sourceTree = "<group>"; };
		C52A5D3E1D4F699100AB86C6 /* UnboxedAlamofire_iOS_Tests.xctest */ = {isa = PBXFileReference; explicitFileType = wrapper.cfbundle; includeInIndex = 0; path = UnboxedAlamofire_iOS_Tests.xctest; sourceTree = BUILT_PRODUCTS_DIR; };
		C52A5D431D4F699100AB86C6 /* UnboxedAlamofireTests.swift */ = {isa = PBXFileReference; lastKnownFileType = sourcecode.swift; path = UnboxedAlamofireTests.swift; sourceTree = "<group>"; };
		C58121021DEB30280084F327 /* Alamofire.xcodeproj */ = {isa = PBXFileReference; lastKnownFileType = "wrapper.pb-project"; name = Alamofire.xcodeproj; path = Carthage/Checkouts/Alamofire/Alamofire.xcodeproj; sourceTree = "<group>"; };
		C581211B1DEB302E0084F327 /* Unbox.xcodeproj */ = {isa = PBXFileReference; lastKnownFileType = "wrapper.pb-project"; name = Unbox.xcodeproj; path = Carthage/Checkouts/Unbox/Unbox.xcodeproj; sourceTree = "<group>"; };
		C58251DD1D4FC06F009DC108 /* UnboxedAlamofire.swift */ = {isa = PBXFileReference; fileEncoding = 4; lastKnownFileType = sourcecode.swift; path = UnboxedAlamofire.swift; sourceTree = "<group>"; };
		C58251DF1D4FC076009DC108 /* Candy.swift */ = {isa = PBXFileReference; fileEncoding = 4; lastKnownFileType = sourcecode.swift; path = Candy.swift; sourceTree = "<group>"; };
		C5B31DC71DE7414B00CF3771 /* Alamofire.framework */ = {isa = PBXFileReference; lastKnownFileType = wrapper.framework; name = Alamofire.framework; path = Carthage/Build/iOS/Alamofire.framework; sourceTree = "<group>"; };
		C5B31DC81DE7414B00CF3771 /* Unbox.framework */ = {isa = PBXFileReference; lastKnownFileType = wrapper.framework; name = Unbox.framework; path = Carthage/Build/iOS/Unbox.framework; sourceTree = "<group>"; };
		C5B31DCB1DE742D500CF3771 /* Alamofire.framework */ = {isa = PBXFileReference; lastKnownFileType = wrapper.framework; name = Alamofire.framework; path = Carthage/Build/tvOS/Alamofire.framework; sourceTree = "<group>"; };
		C5B31DCC1DE742D500CF3771 /* Unbox.framework */ = {isa = PBXFileReference; lastKnownFileType = wrapper.framework; name = Unbox.framework; path = Carthage/Build/tvOS/Unbox.framework; sourceTree = "<group>"; };
		C5B31DCF1DE742E400CF3771 /* Alamofire.framework */ = {isa = PBXFileReference; lastKnownFileType = wrapper.framework; name = Alamofire.framework; path = Carthage/Build/watchOS/Alamofire.framework; sourceTree = "<group>"; };
		C5B31DD01DE742E400CF3771 /* Unbox.framework */ = {isa = PBXFileReference; lastKnownFileType = wrapper.framework; name = Unbox.framework; path = Carthage/Build/watchOS/Unbox.framework; sourceTree = "<group>"; };
		C5CDBA321D50A5E000992A82 /* UnboxedAlamofire.framework */ = {isa = PBXFileReference; explicitFileType = wrapper.framework; includeInIndex = 0; path = UnboxedAlamofire.framework; sourceTree = BUILT_PRODUCTS_DIR; };
		C5CDBA401D50A5E900992A82 /* UnboxedAlamofire.framework */ = {isa = PBXFileReference; explicitFileType = wrapper.framework; includeInIndex = 0; path = UnboxedAlamofire.framework; sourceTree = BUILT_PRODUCTS_DIR; };
		C5CDBA4E1D50A5F000992A82 /* UnboxedAlamofire.framework */ = {isa = PBXFileReference; explicitFileType = wrapper.framework; includeInIndex = 0; path = UnboxedAlamofire.framework; sourceTree = BUILT_PRODUCTS_DIR; };
		C5CDBA611D50A61700992A82 /* UnboxedAlamofire_macOS_Tests.xctest */ = {isa = PBXFileReference; explicitFileType = wrapper.cfbundle; includeInIndex = 0; path = UnboxedAlamofire_macOS_Tests.xctest; sourceTree = BUILT_PRODUCTS_DIR; };
		C5CDBA741D50A62600992A82 /* UnboxedAlamofire_tvOS_Tests.xctest */ = {isa = PBXFileReference; explicitFileType = wrapper.cfbundle; includeInIndex = 0; path = UnboxedAlamofire_tvOS_Tests.xctest; sourceTree = BUILT_PRODUCTS_DIR; };
		C5CDBA9D1D50D9D200992A82 /* Info.plist */ = {isa = PBXFileReference; fileEncoding = 4; lastKnownFileType = text.plist.xml; path = Info.plist; sourceTree = "<group>"; };
		C5CDBA9F1D50D9D800992A82 /* Info.plist */ = {isa = PBXFileReference; fileEncoding = 4; lastKnownFileType = text.plist.xml; path = Info.plist; sourceTree = "<group>"; };
/* End PBXFileReference section */

/* Begin PBXFrameworksBuildPhase section */
		C52A5D301D4F699100AB86C6 /* Frameworks */ = {
			isa = PBXFrameworksBuildPhase;
			buildActionMask = 2147483647;
			files = (
				C58A67681DEB389200C10DCF /* Alamofire.framework in Frameworks */,
				C58A67691DEB389200C10DCF /* Unbox.framework in Frameworks */,
			);
			runOnlyForDeploymentPostprocessing = 0;
		};
		C52A5D3B1D4F699100AB86C6 /* Frameworks */ = {
			isa = PBXFrameworksBuildPhase;
			buildActionMask = 2147483647;
			files = (
			);
			runOnlyForDeploymentPostprocessing = 0;
		};
		C5CDBA291D50A5E000992A82 /* Frameworks */ = {
			isa = PBXFrameworksBuildPhase;
			buildActionMask = 2147483647;
			files = (
				C5BF74361DEB40BB002E2485 /* Alamofire.framework in Frameworks */,
				C5BF74371DEB40BB002E2485 /* Unbox.framework in Frameworks */,
			);
			runOnlyForDeploymentPostprocessing = 0;
		};
		C5CDBA371D50A5E900992A82 /* Frameworks */ = {
			isa = PBXFrameworksBuildPhase;
			buildActionMask = 2147483647;
			files = (
				C58A676E1DEB38BF00C10DCF /* Alamofire.framework in Frameworks */,
				C58A676F1DEB38BF00C10DCF /* Unbox.framework in Frameworks */,
			);
			runOnlyForDeploymentPostprocessing = 0;
		};
		C5CDBA451D50A5F000992A82 /* Frameworks */ = {
			isa = PBXFrameworksBuildPhase;
			buildActionMask = 2147483647;
			files = (
				C58A676C1DEB38B400C10DCF /* Alamofire.framework in Frameworks */,
				C58A676D1DEB38B400C10DCF /* Unbox.framework in Frameworks */,
			);
			runOnlyForDeploymentPostprocessing = 0;
		};
		C5CDBA561D50A61700992A82 /* Frameworks */ = {
			isa = PBXFrameworksBuildPhase;
			buildActionMask = 2147483647;
			files = (
			);
			runOnlyForDeploymentPostprocessing = 0;
		};
		C5CDBA691D50A62600992A82 /* Frameworks */ = {
			isa = PBXFrameworksBuildPhase;
			buildActionMask = 2147483647;
			files = (
			);
			runOnlyForDeploymentPostprocessing = 0;
		};
/* End PBXFrameworksBuildPhase section */

/* Begin PBXGroup section */
		C52A5D2A1D4F699100AB86C6 = {
			isa = PBXGroup;
			children = (
				C58121021DEB30280084F327 /* Alamofire.xcodeproj */,
				C581211B1DEB302E0084F327 /* Unbox.xcodeproj */,
				C52A5D361D4F699100AB86C6 /* UnboxedAlamofire */,
				C52A5D421D4F699100AB86C6 /* UnboxedAlamofireTests */,
				C58251E51D4FC2F6009DC108 /* Frameworks */,
				C52A5D351D4F699100AB86C6 /* Products */,
			);
			sourceTree = "<group>";
		};
		C52A5D351D4F699100AB86C6 /* Products */ = {
			isa = PBXGroup;
			children = (
				C52A5D341D4F699100AB86C6 /* UnboxedAlamofire.framework */,
				C52A5D3E1D4F699100AB86C6 /* UnboxedAlamofire_iOS_Tests.xctest */,
				C5CDBA321D50A5E000992A82 /* UnboxedAlamofire.framework */,
				C5CDBA401D50A5E900992A82 /* UnboxedAlamofire.framework */,
				C5CDBA4E1D50A5F000992A82 /* UnboxedAlamofire.framework */,
				C5CDBA611D50A61700992A82 /* UnboxedAlamofire_macOS_Tests.xctest */,
				C5CDBA741D50A62600992A82 /* UnboxedAlamofire_tvOS_Tests.xctest */,
			);
			name = Products;
			sourceTree = "<group>";
		};
		C52A5D361D4F699100AB86C6 /* UnboxedAlamofire */ = {
			isa = PBXGroup;
			children = (
				C5CDBA9F1D50D9D800992A82 /* Info.plist */,
				C58251DD1D4FC06F009DC108 /* UnboxedAlamofire.swift */,
				C52A5D371D4F699100AB86C6 /* UnboxedAlamofire.h */,
			);
			path = UnboxedAlamofire;
			sourceTree = "<group>";
		};
		C52A5D421D4F699100AB86C6 /* UnboxedAlamofireTests */ = {
			isa = PBXGroup;
			children = (
				C5CDBA9D1D50D9D200992A82 /* Info.plist */,
				C58251DF1D4FC076009DC108 /* Candy.swift */,
				C52A5D431D4F699100AB86C6 /* UnboxedAlamofireTests.swift */,
			);
			path = UnboxedAlamofireTests;
			sourceTree = "<group>";
		};
		C58121031DEB30280084F327 /* Products */ = {
			isa = PBXGroup;
			children = (
				C581210E1DEB30280084F327 /* Alamofire.framework */,
				C58121101DEB30280084F327 /* Alamofire iOS Tests.xctest */,
				C58121121DEB30280084F327 /* Alamofire.framework */,
				C58121141DEB30280084F327 /* Alamofire macOS Tests.xctest */,
				C58121161DEB30280084F327 /* Alamofire.framework */,
				C58121181DEB30280084F327 /* Alamofire tvOS Tests.xctest */,
				C581211A1DEB30280084F327 /* Alamofire.framework */,
			);
			name = Products;
			sourceTree = "<group>";
		};
		C581211C1DEB302E0084F327 /* Products */ = {
			isa = PBXGroup;
			children = (
				C58121261DEB302E0084F327 /* Unbox.framework */,
				C58121281DEB302E0084F327 /* Unbox.framework */,
				C581212A1DEB302E0084F327 /* Unbox.framework */,
				C581212C1DEB302E0084F327 /* Unbox.framework */,
				C581212E1DEB302E0084F327 /* Unbox-iOS Tests.xctest */,
				C58121301DEB302E0084F327 /* Unbox-OSX Tests.xctest */,
				C58121321DEB302E0084F327 /* Unbox-tvOS Tests.xctest */,
			);
			name = Products;
			sourceTree = "<group>";
		};
		C58251E51D4FC2F6009DC108 /* Frameworks */ = {
			isa = PBXGroup;
			children = (
				C5B31DCF1DE742E400CF3771 /* Alamofire.framework */,
				C5B31DD01DE742E400CF3771 /* Unbox.framework */,
				C5B31DCB1DE742D500CF3771 /* Alamofire.framework */,
				C5B31DCC1DE742D500CF3771 /* Unbox.framework */,
				C5B31DC71DE7414B00CF3771 /* Alamofire.framework */,
				C5B31DC81DE7414B00CF3771 /* Unbox.framework */,
				C518C9D41DE73F38008A1435 /* Alamofire.framework */,
				C518C9D51DE73F38008A1435 /* Unbox.framework */,
			);
			name = Frameworks;
			sourceTree = "<group>";
		};
/* End PBXGroup section */

/* Begin PBXHeadersBuildPhase section */
		C52A5D311D4F699100AB86C6 /* Headers */ = {
			isa = PBXHeadersBuildPhase;
			buildActionMask = 2147483647;
			files = (
				C52A5D381D4F699100AB86C6 /* UnboxedAlamofire.h in Headers */,
			);
			runOnlyForDeploymentPostprocessing = 0;
		};
		C5CDBA2C1D50A5E000992A82 /* Headers */ = {
			isa = PBXHeadersBuildPhase;
			buildActionMask = 2147483647;
			files = (
				C5CDBA2D1D50A5E000992A82 /* UnboxedAlamofire.h in Headers */,
			);
			runOnlyForDeploymentPostprocessing = 0;
		};
		C5CDBA3A1D50A5E900992A82 /* Headers */ = {
			isa = PBXHeadersBuildPhase;
			buildActionMask = 2147483647;
			files = (
				C5CDBA3B1D50A5E900992A82 /* UnboxedAlamofire.h in Headers */,
			);
			runOnlyForDeploymentPostprocessing = 0;
		};
		C5CDBA481D50A5F000992A82 /* Headers */ = {
			isa = PBXHeadersBuildPhase;
			buildActionMask = 2147483647;
			files = (
				C5CDBA491D50A5F000992A82 /* UnboxedAlamofire.h in Headers */,
			);
			runOnlyForDeploymentPostprocessing = 0;
		};
/* End PBXHeadersBuildPhase section */

/* Begin PBXNativeTarget section */
		C52A5D331D4F699100AB86C6 /* UnboxedAlamofire_iOS */ = {
			isa = PBXNativeTarget;
			buildConfigurationList = C52A5D481D4F699100AB86C6 /* Build configuration list for PBXNativeTarget "UnboxedAlamofire_iOS" */;
			buildPhases = (
				C52A5D2F1D4F699100AB86C6 /* Sources */,
				C52A5D301D4F699100AB86C6 /* Frameworks */,
				C52A5D311D4F699100AB86C6 /* Headers */,
				C52A5D321D4F699100AB86C6 /* Resources */,
			);
			buildRules = (
			);
			dependencies = (
			);
			name = UnboxedAlamofire_iOS;
			productName = UnboxedAlamofire;
			productReference = C52A5D341D4F699100AB86C6 /* UnboxedAlamofire.framework */;
			productType = "com.apple.product-type.framework";
		};
		C52A5D3D1D4F699100AB86C6 /* UnboxedAlamofire_iOS_Tests */ = {
			isa = PBXNativeTarget;
			buildConfigurationList = C52A5D4B1D4F699100AB86C6 /* Build configuration list for PBXNativeTarget "UnboxedAlamofire_iOS_Tests" */;
			buildPhases = (
				C52A5D3A1D4F699100AB86C6 /* Sources */,
				C52A5D3B1D4F699100AB86C6 /* Frameworks */,
				C52A5D3C1D4F699100AB86C6 /* Resources */,
				C5CDBA1F1D50A54A00992A82 /* CopyFiles */,
			);
			buildRules = (
			);
			dependencies = (
				C541FEF11D93F03E00FBA7B8 /* PBXTargetDependency */,
			);
			name = UnboxedAlamofire_iOS_Tests;
			productName = UnboxedAlamofireTests;
			productReference = C52A5D3E1D4F699100AB86C6 /* UnboxedAlamofire_iOS_Tests.xctest */;
			productType = "com.apple.product-type.bundle.unit-test";
		};
		C5CDBA261D50A5E000992A82 /* UnboxedAlamofire_macOS */ = {
			isa = PBXNativeTarget;
			buildConfigurationList = C5CDBA2F1D50A5E000992A82 /* Build configuration list for PBXNativeTarget "UnboxedAlamofire_macOS" */;
			buildPhases = (
				C5CDBA271D50A5E000992A82 /* Sources */,
				C5CDBA291D50A5E000992A82 /* Frameworks */,
				C5CDBA2C1D50A5E000992A82 /* Headers */,
				C5CDBA2E1D50A5E000992A82 /* Resources */,
			);
			buildRules = (
			);
			dependencies = (
			);
			name = UnboxedAlamofire_macOS;
			productName = UnboxedAlamofire;
			productReference = C5CDBA321D50A5E000992A82 /* UnboxedAlamofire.framework */;
			productType = "com.apple.product-type.framework";
		};
		C5CDBA341D50A5E900992A82 /* UnboxedAlamofire_watchOS */ = {
			isa = PBXNativeTarget;
			buildConfigurationList = C5CDBA3D1D50A5E900992A82 /* Build configuration list for PBXNativeTarget "UnboxedAlamofire_watchOS" */;
			buildPhases = (
				C5CDBA351D50A5E900992A82 /* Sources */,
				C5CDBA371D50A5E900992A82 /* Frameworks */,
				C5CDBA3A1D50A5E900992A82 /* Headers */,
				C5CDBA3C1D50A5E900992A82 /* Resources */,
			);
			buildRules = (
			);
			dependencies = (
			);
			name = UnboxedAlamofire_watchOS;
			productName = UnboxedAlamofire;
			productReference = C5CDBA401D50A5E900992A82 /* UnboxedAlamofire.framework */;
			productType = "com.apple.product-type.framework";
		};
		C5CDBA421D50A5F000992A82 /* UnboxedAlamofire_tvOS */ = {
			isa = PBXNativeTarget;
			buildConfigurationList = C5CDBA4B1D50A5F000992A82 /* Build configuration list for PBXNativeTarget "UnboxedAlamofire_tvOS" */;
			buildPhases = (
				C5CDBA431D50A5F000992A82 /* Sources */,
				C5CDBA451D50A5F000992A82 /* Frameworks */,
				C5CDBA481D50A5F000992A82 /* Headers */,
				C5CDBA4A1D50A5F000992A82 /* Resources */,
			);
			buildRules = (
			);
			dependencies = (
			);
			name = UnboxedAlamofire_tvOS;
			productName = UnboxedAlamofire;
			productReference = C5CDBA4E1D50A5F000992A82 /* UnboxedAlamofire.framework */;
			productType = "com.apple.product-type.framework";
		};
		C5CDBA501D50A61700992A82 /* UnboxedAlamofire_macOS_Tests */ = {
			isa = PBXNativeTarget;
			buildConfigurationList = C5CDBA5E1D50A61700992A82 /* Build configuration list for PBXNativeTarget "UnboxedAlamofire_macOS_Tests" */;
			buildPhases = (
				C5CDBA531D50A61700992A82 /* Sources */,
				C5CDBA561D50A61700992A82 /* Frameworks */,
				C5CDBA591D50A61700992A82 /* Resources */,
				C5CDBA5A1D50A61700992A82 /* CopyFiles */,
			);
			buildRules = (
			);
			dependencies = (
				C541FEF31D93F05100FBA7B8 /* PBXTargetDependency */,
			);
			name = UnboxedAlamofire_macOS_Tests;
			productName = UnboxedAlamofireTests;
			productReference = C5CDBA611D50A61700992A82 /* UnboxedAlamofire_macOS_Tests.xctest */;
			productType = "com.apple.product-type.bundle.unit-test";
		};
		C5CDBA631D50A62600992A82 /* UnboxedAlamofire_tvOS_Tests */ = {
			isa = PBXNativeTarget;
			buildConfigurationList = C5CDBA711D50A62600992A82 /* Build configuration list for PBXNativeTarget "UnboxedAlamofire_tvOS_Tests" */;
			buildPhases = (
				C5CDBA661D50A62600992A82 /* Sources */,
				C5CDBA691D50A62600992A82 /* Frameworks */,
				C5CDBA6C1D50A62600992A82 /* Resources */,
				C5CDBA6D1D50A62600992A82 /* CopyFiles */,
			);
			buildRules = (
			);
			dependencies = (
				C541FEF51D93F05700FBA7B8 /* PBXTargetDependency */,
			);
			name = UnboxedAlamofire_tvOS_Tests;
			productName = UnboxedAlamofireTests;
			productReference = C5CDBA741D50A62600992A82 /* UnboxedAlamofire_tvOS_Tests.xctest */;
			productType = "com.apple.product-type.bundle.unit-test";
		};
/* End PBXNativeTarget section */

/* Begin PBXProject section */
		C52A5D2B1D4F699100AB86C6 /* Project object */ = {
			isa = PBXProject;
			attributes = {
				LastSwiftUpdateCheck = 0730;
				LastUpgradeCheck = 0800;
				ORGANIZATIONNAME = "Serhii Butenko";
				TargetAttributes = {
					C52A5D331D4F699100AB86C6 = {
						CreatedOnToolsVersion = 7.3.1;
						LastSwiftMigration = 0800;
					};
					C52A5D3D1D4F699100AB86C6 = {
						CreatedOnToolsVersion = 7.3.1;
						LastSwiftMigration = 0800;
					};
				};
			};
			buildConfigurationList = C52A5D2E1D4F699100AB86C6 /* Build configuration list for PBXProject "UnboxedAlamofire" */;
			compatibilityVersion = "Xcode 3.2";
			developmentRegion = English;
			hasScannedForEncodings = 0;
			knownRegions = (
				en,
			);
			mainGroup = C52A5D2A1D4F699100AB86C6;
			productRefGroup = C52A5D351D4F699100AB86C6 /* Products */;
			projectDirPath = "";
			projectReferences = (
				{
					ProductGroup = C58121031DEB30280084F327 /* Products */;
					ProjectRef = C58121021DEB30280084F327 /* Alamofire.xcodeproj */;
				},
				{
					ProductGroup = C581211C1DEB302E0084F327 /* Products */;
					ProjectRef = C581211B1DEB302E0084F327 /* Unbox.xcodeproj */;
				},
			);
			projectRoot = "";
			targets = (
				C52A5D331D4F699100AB86C6 /* UnboxedAlamofire_iOS */,
				C52A5D3D1D4F699100AB86C6 /* UnboxedAlamofire_iOS_Tests */,
				C5CDBA261D50A5E000992A82 /* UnboxedAlamofire_macOS */,
				C5CDBA501D50A61700992A82 /* UnboxedAlamofire_macOS_Tests */,
				C5CDBA421D50A5F000992A82 /* UnboxedAlamofire_tvOS */,
				C5CDBA631D50A62600992A82 /* UnboxedAlamofire_tvOS_Tests */,
				C5CDBA341D50A5E900992A82 /* UnboxedAlamofire_watchOS */,
			);
		};
/* End PBXProject section */

/* Begin PBXReferenceProxy section */
		C581210E1DEB30280084F327 /* Alamofire.framework */ = {
			isa = PBXReferenceProxy;
			fileType = wrapper.framework;
			path = Alamofire.framework;
			remoteRef = C581210D1DEB30280084F327 /* PBXContainerItemProxy */;
			sourceTree = BUILT_PRODUCTS_DIR;
		};
		C58121101DEB30280084F327 /* Alamofire iOS Tests.xctest */ = {
			isa = PBXReferenceProxy;
			fileType = wrapper.cfbundle;
			path = "Alamofire iOS Tests.xctest";
			remoteRef = C581210F1DEB30280084F327 /* PBXContainerItemProxy */;
			sourceTree = BUILT_PRODUCTS_DIR;
		};
		C58121121DEB30280084F327 /* Alamofire.framework */ = {
			isa = PBXReferenceProxy;
			fileType = wrapper.framework;
			path = Alamofire.framework;
			remoteRef = C58121111DEB30280084F327 /* PBXContainerItemProxy */;
			sourceTree = BUILT_PRODUCTS_DIR;
		};
		C58121141DEB30280084F327 /* Alamofire macOS Tests.xctest */ = {
			isa = PBXReferenceProxy;
			fileType = wrapper.cfbundle;
			path = "Alamofire macOS Tests.xctest";
			remoteRef = C58121131DEB30280084F327 /* PBXContainerItemProxy */;
			sourceTree = BUILT_PRODUCTS_DIR;
		};
		C58121161DEB30280084F327 /* Alamofire.framework */ = {
			isa = PBXReferenceProxy;
			fileType = wrapper.framework;
			path = Alamofire.framework;
			remoteRef = C58121151DEB30280084F327 /* PBXContainerItemProxy */;
			sourceTree = BUILT_PRODUCTS_DIR;
		};
		C58121181DEB30280084F327 /* Alamofire tvOS Tests.xctest */ = {
			isa = PBXReferenceProxy;
			fileType = wrapper.cfbundle;
			path = "Alamofire tvOS Tests.xctest";
			remoteRef = C58121171DEB30280084F327 /* PBXContainerItemProxy */;
			sourceTree = BUILT_PRODUCTS_DIR;
		};
		C581211A1DEB30280084F327 /* Alamofire.framework */ = {
			isa = PBXReferenceProxy;
			fileType = wrapper.framework;
			path = Alamofire.framework;
			remoteRef = C58121191DEB30280084F327 /* PBXContainerItemProxy */;
			sourceTree = BUILT_PRODUCTS_DIR;
		};
		C58121261DEB302E0084F327 /* Unbox.framework */ = {
			isa = PBXReferenceProxy;
			fileType = wrapper.framework;
			path = Unbox.framework;
			remoteRef = C58121251DEB302E0084F327 /* PBXContainerItemProxy */;
			sourceTree = BUILT_PRODUCTS_DIR;
		};
		C58121281DEB302E0084F327 /* Unbox.framework */ = {
			isa = PBXReferenceProxy;
			fileType = wrapper.framework;
			path = Unbox.framework;
			remoteRef = C58121271DEB302E0084F327 /* PBXContainerItemProxy */;
			sourceTree = BUILT_PRODUCTS_DIR;
		};
		C581212A1DEB302E0084F327 /* Unbox.framework */ = {
			isa = PBXReferenceProxy;
			fileType = wrapper.framework;
			path = Unbox.framework;
			remoteRef = C58121291DEB302E0084F327 /* PBXContainerItemProxy */;
			sourceTree = BUILT_PRODUCTS_DIR;
		};
		C581212C1DEB302E0084F327 /* Unbox.framework */ = {
			isa = PBXReferenceProxy;
			fileType = wrapper.framework;
			path = Unbox.framework;
			remoteRef = C581212B1DEB302E0084F327 /* PBXContainerItemProxy */;
			sourceTree = BUILT_PRODUCTS_DIR;
		};
		C581212E1DEB302E0084F327 /* Unbox-iOS Tests.xctest */ = {
			isa = PBXReferenceProxy;
			fileType = wrapper.cfbundle;
			path = "Unbox-iOS Tests.xctest";
			remoteRef = C581212D1DEB302E0084F327 /* PBXContainerItemProxy */;
			sourceTree = BUILT_PRODUCTS_DIR;
		};
		C58121301DEB302E0084F327 /* Unbox-OSX Tests.xctest */ = {
			isa = PBXReferenceProxy;
			fileType = wrapper.cfbundle;
			path = "Unbox-OSX Tests.xctest";
			remoteRef = C581212F1DEB302E0084F327 /* PBXContainerItemProxy */;
			sourceTree = BUILT_PRODUCTS_DIR;
		};
		C58121321DEB302E0084F327 /* Unbox-tvOS Tests.xctest */ = {
			isa = PBXReferenceProxy;
			fileType = wrapper.cfbundle;
			path = "Unbox-tvOS Tests.xctest";
			remoteRef = C58121311DEB302E0084F327 /* PBXContainerItemProxy */;
			sourceTree = BUILT_PRODUCTS_DIR;
		};
/* End PBXReferenceProxy section */

/* Begin PBXResourcesBuildPhase section */
		C52A5D321D4F699100AB86C6 /* Resources */ = {
			isa = PBXResourcesBuildPhase;
			buildActionMask = 2147483647;
			files = (
			);
			runOnlyForDeploymentPostprocessing = 0;
		};
		C52A5D3C1D4F699100AB86C6 /* Resources */ = {
			isa = PBXResourcesBuildPhase;
			buildActionMask = 2147483647;
			files = (
			);
			runOnlyForDeploymentPostprocessing = 0;
		};
		C5CDBA2E1D50A5E000992A82 /* Resources */ = {
			isa = PBXResourcesBuildPhase;
			buildActionMask = 2147483647;
			files = (
			);
			runOnlyForDeploymentPostprocessing = 0;
		};
		C5CDBA3C1D50A5E900992A82 /* Resources */ = {
			isa = PBXResourcesBuildPhase;
			buildActionMask = 2147483647;
			files = (
			);
			runOnlyForDeploymentPostprocessing = 0;
		};
		C5CDBA4A1D50A5F000992A82 /* Resources */ = {
			isa = PBXResourcesBuildPhase;
			buildActionMask = 2147483647;
			files = (
			);
			runOnlyForDeploymentPostprocessing = 0;
		};
		C5CDBA591D50A61700992A82 /* Resources */ = {
			isa = PBXResourcesBuildPhase;
			buildActionMask = 2147483647;
			files = (
			);
			runOnlyForDeploymentPostprocessing = 0;
		};
		C5CDBA6C1D50A62600992A82 /* Resources */ = {
			isa = PBXResourcesBuildPhase;
			buildActionMask = 2147483647;
			files = (
			);
			runOnlyForDeploymentPostprocessing = 0;
		};
/* End PBXResourcesBuildPhase section */

/* Begin PBXSourcesBuildPhase section */
		C52A5D2F1D4F699100AB86C6 /* Sources */ = {
			isa = PBXSourcesBuildPhase;
			buildActionMask = 2147483647;
			files = (
				C58251DE1D4FC06F009DC108 /* UnboxedAlamofire.swift in Sources */,
			);
			runOnlyForDeploymentPostprocessing = 0;
		};
		C52A5D3A1D4F699100AB86C6 /* Sources */ = {
			isa = PBXSourcesBuildPhase;
			buildActionMask = 2147483647;
			files = (
				C52A5D441D4F699100AB86C6 /* UnboxedAlamofireTests.swift in Sources */,
				C58251E01D4FC076009DC108 /* Candy.swift in Sources */,
			);
			runOnlyForDeploymentPostprocessing = 0;
		};
		C5CDBA271D50A5E000992A82 /* Sources */ = {
			isa = PBXSourcesBuildPhase;
			buildActionMask = 2147483647;
			files = (
				C5CDBA281D50A5E000992A82 /* UnboxedAlamofire.swift in Sources */,
			);
			runOnlyForDeploymentPostprocessing = 0;
		};
		C5CDBA351D50A5E900992A82 /* Sources */ = {
			isa = PBXSourcesBuildPhase;
			buildActionMask = 2147483647;
			files = (
				C5CDBA361D50A5E900992A82 /* UnboxedAlamofire.swift in Sources */,
			);
			runOnlyForDeploymentPostprocessing = 0;
		};
		C5CDBA431D50A5F000992A82 /* Sources */ = {
			isa = PBXSourcesBuildPhase;
			buildActionMask = 2147483647;
			files = (
				C5CDBA441D50A5F000992A82 /* UnboxedAlamofire.swift in Sources */,
			);
			runOnlyForDeploymentPostprocessing = 0;
		};
		C5CDBA531D50A61700992A82 /* Sources */ = {
			isa = PBXSourcesBuildPhase;
			buildActionMask = 2147483647;
			files = (
				C5CDBA541D50A61700992A82 /* UnboxedAlamofireTests.swift in Sources */,
				C5CDBA551D50A61700992A82 /* Candy.swift in Sources */,
			);
			runOnlyForDeploymentPostprocessing = 0;
		};
		C5CDBA661D50A62600992A82 /* Sources */ = {
			isa = PBXSourcesBuildPhase;
			buildActionMask = 2147483647;
			files = (
				C5CDBA671D50A62600992A82 /* UnboxedAlamofireTests.swift in Sources */,
				C5CDBA681D50A62600992A82 /* Candy.swift in Sources */,
			);
			runOnlyForDeploymentPostprocessing = 0;
		};
/* End PBXSourcesBuildPhase section */

/* Begin PBXTargetDependency section */
		C541FEF11D93F03E00FBA7B8 /* PBXTargetDependency */ = {
			isa = PBXTargetDependency;
			target = C52A5D331D4F699100AB86C6 /* UnboxedAlamofire_iOS */;
			targetProxy = C541FEF01D93F03E00FBA7B8 /* PBXContainerItemProxy */;
		};
		C541FEF31D93F05100FBA7B8 /* PBXTargetDependency */ = {
			isa = PBXTargetDependency;
			target = C5CDBA261D50A5E000992A82 /* UnboxedAlamofire_macOS */;
			targetProxy = C541FEF21D93F05100FBA7B8 /* PBXContainerItemProxy */;
		};
		C541FEF51D93F05700FBA7B8 /* PBXTargetDependency */ = {
			isa = PBXTargetDependency;
			target = C5CDBA421D50A5F000992A82 /* UnboxedAlamofire_tvOS */;
			targetProxy = C541FEF41D93F05700FBA7B8 /* PBXContainerItemProxy */;
		};
/* End PBXTargetDependency section */

/* Begin XCBuildConfiguration section */
		C52A5D461D4F699100AB86C6 /* Debug */ = {
			isa = XCBuildConfiguration;
			buildSettings = {
				ALWAYS_SEARCH_USER_PATHS = NO;
				CLANG_ANALYZER_NONNULL = YES;
				CLANG_CXX_LANGUAGE_STANDARD = "gnu++0x";
				CLANG_CXX_LIBRARY = "libc++";
				CLANG_ENABLE_MODULES = YES;
				CLANG_ENABLE_OBJC_ARC = YES;
				CLANG_WARN_BOOL_CONVERSION = YES;
				CLANG_WARN_CONSTANT_CONVERSION = YES;
				CLANG_WARN_DIRECT_OBJC_ISA_USAGE = YES_ERROR;
				CLANG_WARN_EMPTY_BODY = YES;
				CLANG_WARN_ENUM_CONVERSION = YES;
				CLANG_WARN_INFINITE_RECURSION = YES;
				CLANG_WARN_INT_CONVERSION = YES;
				CLANG_WARN_OBJC_ROOT_CLASS = YES_ERROR;
				CLANG_WARN_SUSPICIOUS_MOVE = YES;
				CLANG_WARN_UNREACHABLE_CODE = YES;
				CLANG_WARN__DUPLICATE_METHOD_MATCH = YES;
				"CODE_SIGN_IDENTITY[sdk=iphoneos*]" = "iPhone Developer";
				COPY_PHASE_STRIP = NO;
				CURRENT_PROJECT_VERSION = 1;
				DEBUG_INFORMATION_FORMAT = dwarf;
				ENABLE_STRICT_OBJC_MSGSEND = YES;
				ENABLE_TESTABILITY = YES;
				GCC_C_LANGUAGE_STANDARD = gnu99;
				GCC_DYNAMIC_NO_PIC = NO;
				GCC_NO_COMMON_BLOCKS = YES;
				GCC_OPTIMIZATION_LEVEL = 0;
				GCC_PREPROCESSOR_DEFINITIONS = (
					"DEBUG=1",
					"$(inherited)",
				);
				GCC_WARN_64_TO_32_BIT_CONVERSION = YES;
				GCC_WARN_ABOUT_RETURN_TYPE = YES_ERROR;
				GCC_WARN_UNDECLARED_SELECTOR = YES;
				GCC_WARN_UNINITIALIZED_AUTOS = YES_AGGRESSIVE;
				GCC_WARN_UNUSED_FUNCTION = YES;
				GCC_WARN_UNUSED_VARIABLE = YES;
				IPHONEOS_DEPLOYMENT_TARGET = 9.0;
				MACOSX_DEPLOYMENT_TARGET = 10.11;
				MTL_ENABLE_DEBUG_INFO = YES;
				ONLY_ACTIVE_ARCH = YES;
				SDKROOT = iphoneos;
				SWIFT_OPTIMIZATION_LEVEL = "-Onone";
				SWIFT_VERSION = 3.0;
				TARGETED_DEVICE_FAMILY = "1,2";
				VERSIONING_SYSTEM = "apple-generic";
				VERSION_INFO_PREFIX = "";
			};
			name = Debug;
		};
		C52A5D471D4F699100AB86C6 /* Release */ = {
			isa = XCBuildConfiguration;
			buildSettings = {
				ALWAYS_SEARCH_USER_PATHS = NO;
				CLANG_ANALYZER_NONNULL = YES;
				CLANG_CXX_LANGUAGE_STANDARD = "gnu++0x";
				CLANG_CXX_LIBRARY = "libc++";
				CLANG_ENABLE_MODULES = YES;
				CLANG_ENABLE_OBJC_ARC = YES;
				CLANG_WARN_BOOL_CONVERSION = YES;
				CLANG_WARN_CONSTANT_CONVERSION = YES;
				CLANG_WARN_DIRECT_OBJC_ISA_USAGE = YES_ERROR;
				CLANG_WARN_EMPTY_BODY = YES;
				CLANG_WARN_ENUM_CONVERSION = YES;
				CLANG_WARN_INFINITE_RECURSION = YES;
				CLANG_WARN_INT_CONVERSION = YES;
				CLANG_WARN_OBJC_ROOT_CLASS = YES_ERROR;
				CLANG_WARN_SUSPICIOUS_MOVE = YES;
				CLANG_WARN_UNREACHABLE_CODE = YES;
				CLANG_WARN__DUPLICATE_METHOD_MATCH = YES;
				"CODE_SIGN_IDENTITY[sdk=iphoneos*]" = "iPhone Developer";
				COPY_PHASE_STRIP = NO;
				CURRENT_PROJECT_VERSION = 1;
				DEBUG_INFORMATION_FORMAT = "dwarf-with-dsym";
				ENABLE_NS_ASSERTIONS = NO;
				ENABLE_STRICT_OBJC_MSGSEND = YES;
				GCC_C_LANGUAGE_STANDARD = gnu99;
				GCC_NO_COMMON_BLOCKS = YES;
				GCC_WARN_64_TO_32_BIT_CONVERSION = YES;
				GCC_WARN_ABOUT_RETURN_TYPE = YES_ERROR;
				GCC_WARN_UNDECLARED_SELECTOR = YES;
				GCC_WARN_UNINITIALIZED_AUTOS = YES_AGGRESSIVE;
				GCC_WARN_UNUSED_FUNCTION = YES;
				GCC_WARN_UNUSED_VARIABLE = YES;
				IPHONEOS_DEPLOYMENT_TARGET = 9.0;
				MACOSX_DEPLOYMENT_TARGET = 10.11;
				MTL_ENABLE_DEBUG_INFO = NO;
				SDKROOT = iphoneos;
				SWIFT_OPTIMIZATION_LEVEL = "-Owholemodule";
				SWIFT_VERSION = 3.0;
				TARGETED_DEVICE_FAMILY = "1,2";
				VALIDATE_PRODUCT = YES;
				VERSIONING_SYSTEM = "apple-generic";
				VERSION_INFO_PREFIX = "";
			};
			name = Release;
		};
		C52A5D491D4F699100AB86C6 /* Debug */ = {
			isa = XCBuildConfiguration;
			buildSettings = {
				CLANG_ENABLE_MODULES = YES;
				"CODE_SIGN_IDENTITY[sdk=iphoneos*]" = "";
				DEFINES_MODULE = YES;
				DYLIB_COMPATIBILITY_VERSION = 1;
				DYLIB_CURRENT_VERSION = 1;
				DYLIB_INSTALL_NAME_BASE = "@rpath";
				FRAMEWORK_SEARCH_PATHS = (
					"$(inherited)",
					"$(PROJECT_DIR)/Carthage/Build/iOS",
					"$(PROJECT_DIR)/Carthage/Build/Mac",
					"$(PROJECT_DIR)/Carthage/Build/tvOS",
					"$(PROJECT_DIR)/Carthage/Build/watchOS",
				);
				INFOPLIST_FILE = UnboxedAlamofire/Info.plist;
				INSTALL_PATH = "$(LOCAL_LIBRARY_DIR)/Frameworks";
				IPHONEOS_DEPLOYMENT_TARGET = 9.0;
				LD_RUNPATH_SEARCH_PATHS = "$(inherited) @executable_path/Frameworks @loader_path/Frameworks";
				PRODUCT_BUNDLE_IDENTIFIER = com.cocoapods.UnboxedAlamofire;
				PRODUCT_NAME = UnboxedAlamofire;
				SKIP_INSTALL = YES;
				SWIFT_OPTIMIZATION_LEVEL = "-Onone";
				SWIFT_VERSION = 3.0;
			};
			name = Debug;
		};
		C52A5D4A1D4F699100AB86C6 /* Release */ = {
			isa = XCBuildConfiguration;
			buildSettings = {
				CLANG_ENABLE_MODULES = YES;
				"CODE_SIGN_IDENTITY[sdk=iphoneos*]" = "";
				DEFINES_MODULE = YES;
				DYLIB_COMPATIBILITY_VERSION = 1;
				DYLIB_CURRENT_VERSION = 1;
				DYLIB_INSTALL_NAME_BASE = "@rpath";
				FRAMEWORK_SEARCH_PATHS = (
					"$(inherited)",
					"$(PROJECT_DIR)/Carthage/Build/iOS",
					"$(PROJECT_DIR)/Carthage/Build/Mac",
					"$(PROJECT_DIR)/Carthage/Build/tvOS",
					"$(PROJECT_DIR)/Carthage/Build/watchOS",
				);
				INFOPLIST_FILE = UnboxedAlamofire/Info.plist;
				INSTALL_PATH = "$(LOCAL_LIBRARY_DIR)/Frameworks";
				IPHONEOS_DEPLOYMENT_TARGET = 9.0;
				LD_RUNPATH_SEARCH_PATHS = "$(inherited) @executable_path/Frameworks @loader_path/Frameworks";
				PRODUCT_BUNDLE_IDENTIFIER = com.cocoapods.UnboxedAlamofire;
				PRODUCT_NAME = UnboxedAlamofire;
				SKIP_INSTALL = YES;
				SWIFT_VERSION = 3.0;
			};
			name = Release;
		};
		C52A5D4C1D4F699100AB86C6 /* Debug */ = {
			isa = XCBuildConfiguration;
			buildSettings = {
				FRAMEWORK_SEARCH_PATHS = (
					"$(DEVELOPER_FRAMEWORKS_DIR)",
					"$(inherited)",
					"$(PROJECT_DIR)/Carthage/Build/iOS",
				);
				INFOPLIST_FILE = UnboxedAlamofireTests/Info.plist;
				LD_RUNPATH_SEARCH_PATHS = "$(inherited) @executable_path/Frameworks @loader_path/Frameworks";
				PRODUCT_BUNDLE_IDENTIFIER = com.cocoapods.UnboxedAlamofireTests;
				PRODUCT_NAME = "$(TARGET_NAME)";
				SWIFT_VERSION = 3.0;
			};
			name = Debug;
		};
		C52A5D4D1D4F699100AB86C6 /* Release */ = {
			isa = XCBuildConfiguration;
			buildSettings = {
				FRAMEWORK_SEARCH_PATHS = (
					"$(DEVELOPER_FRAMEWORKS_DIR)",
					"$(inherited)",
					"$(PROJECT_DIR)/Carthage/Build/iOS",
				);
				INFOPLIST_FILE = UnboxedAlamofireTests/Info.plist;
				LD_RUNPATH_SEARCH_PATHS = "$(inherited) @executable_path/Frameworks @loader_path/Frameworks";
				PRODUCT_BUNDLE_IDENTIFIER = com.cocoapods.UnboxedAlamofireTests;
				PRODUCT_NAME = "$(TARGET_NAME)";
				SWIFT_VERSION = 3.0;
			};
			name = Release;
		};
		C5CDBA301D50A5E000992A82 /* Debug */ = {
			isa = XCBuildConfiguration;
			buildSettings = {
				CLANG_ENABLE_MODULES = YES;
				DEFINES_MODULE = YES;
				DYLIB_COMPATIBILITY_VERSION = 1;
				DYLIB_CURRENT_VERSION = 1;
				DYLIB_INSTALL_NAME_BASE = "@rpath";
				FRAMEWORK_SEARCH_PATHS = (
					"$(inherited)",
					"$(PROJECT_DIR)/Carthage/Build/iOS",
					"$(PROJECT_DIR)/Carthage/Build/Mac",
				);
				INFOPLIST_FILE = UnboxedAlamofire/Info.plist;
				INSTALL_PATH = "$(LOCAL_LIBRARY_DIR)/Frameworks";
				LD_RUNPATH_SEARCH_PATHS = "$(inherited) @executable_path/Frameworks @loader_path/Frameworks";
				MACOSX_DEPLOYMENT_TARGET = 10.11;
				PRODUCT_BUNDLE_IDENTIFIER = com.cocoapods.UnboxedAlamofire;
				PRODUCT_NAME = UnboxedAlamofire;
				SDKROOT = macosx;
				SKIP_INSTALL = YES;
				SWIFT_OPTIMIZATION_LEVEL = "-Onone";
			};
			name = Debug;
		};
		C5CDBA311D50A5E000992A82 /* Release */ = {
			isa = XCBuildConfiguration;
			buildSettings = {
				CLANG_ENABLE_MODULES = YES;
				DEFINES_MODULE = YES;
				DYLIB_COMPATIBILITY_VERSION = 1;
				DYLIB_CURRENT_VERSION = 1;
				DYLIB_INSTALL_NAME_BASE = "@rpath";
				FRAMEWORK_SEARCH_PATHS = (
					"$(inherited)",
					"$(PROJECT_DIR)/Carthage/Build/iOS",
					"$(PROJECT_DIR)/Carthage/Build/Mac",
				);
				INFOPLIST_FILE = UnboxedAlamofire/Info.plist;
				INSTALL_PATH = "$(LOCAL_LIBRARY_DIR)/Frameworks";
				LD_RUNPATH_SEARCH_PATHS = "$(inherited) @executable_path/Frameworks @loader_path/Frameworks";
				MACOSX_DEPLOYMENT_TARGET = 10.11;
				PRODUCT_BUNDLE_IDENTIFIER = com.cocoapods.UnboxedAlamofire;
				PRODUCT_NAME = UnboxedAlamofire;
				SDKROOT = macosx;
				SKIP_INSTALL = YES;
			};
			name = Release;
		};
		C5CDBA3E1D50A5E900992A82 /* Debug */ = {
			isa = XCBuildConfiguration;
			buildSettings = {
				CLANG_ENABLE_MODULES = YES;
				"CODE_SIGN_IDENTITY[sdk=watchos*]" = "";
				DEFINES_MODULE = YES;
				DYLIB_COMPATIBILITY_VERSION = 1;
				DYLIB_CURRENT_VERSION = 1;
				DYLIB_INSTALL_NAME_BASE = "@rpath";
				FRAMEWORK_SEARCH_PATHS = (
					"$(inherited)",
					"$(PROJECT_DIR)/Carthage/Build/iOS",
					"$(PROJECT_DIR)/Carthage/Build/watchOS",
				);
				INFOPLIST_FILE = UnboxedAlamofire/Info.plist;
				INSTALL_PATH = "$(LOCAL_LIBRARY_DIR)/Frameworks";
				LD_RUNPATH_SEARCH_PATHS = "$(inherited) @executable_path/Frameworks @loader_path/Frameworks";
				PRODUCT_BUNDLE_IDENTIFIER = com.cocoapods.UnboxedAlamofire;
				PRODUCT_NAME = UnboxedAlamofire;
				SDKROOT = watchos;
				SKIP_INSTALL = YES;
				SWIFT_OPTIMIZATION_LEVEL = "-Onone";
				WATCHOS_DEPLOYMENT_TARGET = 2.0;
			};
			name = Debug;
		};
		C5CDBA3F1D50A5E900992A82 /* Release */ = {
			isa = XCBuildConfiguration;
			buildSettings = {
				CLANG_ENABLE_MODULES = YES;
				"CODE_SIGN_IDENTITY[sdk=watchos*]" = "";
				DEFINES_MODULE = YES;
				DYLIB_COMPATIBILITY_VERSION = 1;
				DYLIB_CURRENT_VERSION = 1;
				DYLIB_INSTALL_NAME_BASE = "@rpath";
				FRAMEWORK_SEARCH_PATHS = (
					"$(inherited)",
					"$(PROJECT_DIR)/Carthage/Build/iOS",
					"$(PROJECT_DIR)/Carthage/Build/watchOS",
				);
				INFOPLIST_FILE = UnboxedAlamofire/Info.plist;
				INSTALL_PATH = "$(LOCAL_LIBRARY_DIR)/Frameworks";
				LD_RUNPATH_SEARCH_PATHS = "$(inherited) @executable_path/Frameworks @loader_path/Frameworks";
				PRODUCT_BUNDLE_IDENTIFIER = com.cocoapods.UnboxedAlamofire;
				PRODUCT_NAME = UnboxedAlamofire;
				SDKROOT = watchos;
				SKIP_INSTALL = YES;
				WATCHOS_DEPLOYMENT_TARGET = 2.0;
			};
			name = Release;
		};
		C5CDBA4C1D50A5F000992A82 /* Debug */ = {
			isa = XCBuildConfiguration;
			buildSettings = {
				CLANG_ENABLE_MODULES = YES;
				"CODE_SIGN_IDENTITY[sdk=appletvos*]" = "";
				DEFINES_MODULE = YES;
				DYLIB_COMPATIBILITY_VERSION = 1;
				DYLIB_CURRENT_VERSION = 1;
				DYLIB_INSTALL_NAME_BASE = "@rpath";
				FRAMEWORK_SEARCH_PATHS = (
					"$(inherited)",
					"$(PROJECT_DIR)/Carthage/Build/iOS",
					"$(PROJECT_DIR)/Carthage/Build/tvOS",
				);
				INFOPLIST_FILE = UnboxedAlamofire/Info.plist;
				INSTALL_PATH = "$(LOCAL_LIBRARY_DIR)/Frameworks";
				LD_RUNPATH_SEARCH_PATHS = "$(inherited) @executable_path/Frameworks @loader_path/Frameworks";
				PRODUCT_BUNDLE_IDENTIFIER = com.cocoapods.UnboxedAlamofire;
				PRODUCT_NAME = UnboxedAlamofire;
				SDKROOT = appletvos;
				SKIP_INSTALL = YES;
				SWIFT_OPTIMIZATION_LEVEL = "-Onone";
				TVOS_DEPLOYMENT_TARGET = 9.0;
			};
			name = Debug;
		};
		C5CDBA4D1D50A5F000992A82 /* Release */ = {
			isa = XCBuildConfiguration;
			buildSettings = {
				CLANG_ENABLE_MODULES = YES;
				"CODE_SIGN_IDENTITY[sdk=appletvos*]" = "";
				DEFINES_MODULE = YES;
				DYLIB_COMPATIBILITY_VERSION = 1;
				DYLIB_CURRENT_VERSION = 1;
				DYLIB_INSTALL_NAME_BASE = "@rpath";
				FRAMEWORK_SEARCH_PATHS = (
					"$(inherited)",
					"$(PROJECT_DIR)/Carthage/Build/iOS",
					"$(PROJECT_DIR)/Carthage/Build/tvOS",
				);
				INFOPLIST_FILE = UnboxedAlamofire/Info.plist;
				INSTALL_PATH = "$(LOCAL_LIBRARY_DIR)/Frameworks";
				LD_RUNPATH_SEARCH_PATHS = "$(inherited) @executable_path/Frameworks @loader_path/Frameworks";
				PRODUCT_BUNDLE_IDENTIFIER = com.cocoapods.UnboxedAlamofire;
				PRODUCT_NAME = UnboxedAlamofire;
				SDKROOT = appletvos;
				SKIP_INSTALL = YES;
				TVOS_DEPLOYMENT_TARGET = 9.0;
			};
			name = Release;
		};
		C5CDBA5F1D50A61700992A82 /* Debug */ = {
			isa = XCBuildConfiguration;
			buildSettings = {
				FRAMEWORK_SEARCH_PATHS = (
					"$(DEVELOPER_FRAMEWORKS_DIR)",
					"$(inherited)",
					"$(PROJECT_DIR)/Carthage/Build/iOS",
				);
				INFOPLIST_FILE = UnboxedAlamofireTests/Info.plist;
				LD_RUNPATH_SEARCH_PATHS = "$(inherited) @executable_path/Frameworks @loader_path/Frameworks";
				PRODUCT_BUNDLE_IDENTIFIER = com.cocoapods.UnboxedAlamofireTests;
				PRODUCT_NAME = "$(TARGET_NAME)";
			};
			name = Debug;
		};
		C5CDBA601D50A61700992A82 /* Release */ = {
			isa = XCBuildConfiguration;
			buildSettings = {
				FRAMEWORK_SEARCH_PATHS = (
					"$(DEVELOPER_FRAMEWORKS_DIR)",
					"$(inherited)",
					"$(PROJECT_DIR)/Carthage/Build/iOS",
				);
				INFOPLIST_FILE = UnboxedAlamofireTests/Info.plist;
				LD_RUNPATH_SEARCH_PATHS = "$(inherited) @executable_path/Frameworks @loader_path/Frameworks";
				PRODUCT_BUNDLE_IDENTIFIER = com.cocoapods.UnboxedAlamofireTests;
				PRODUCT_NAME = "$(TARGET_NAME)";
			};
			name = Release;
		};
		C5CDBA721D50A62600992A82 /* Debug */ = {
			isa = XCBuildConfiguration;
			buildSettings = {
				FRAMEWORK_SEARCH_PATHS = (
					"$(DEVELOPER_FRAMEWORKS_DIR)",
					"$(inherited)",
					"$(PROJECT_DIR)/Carthage/Build/iOS",
				);
				INFOPLIST_FILE = UnboxedAlamofireTests/Info.plist;
				LD_RUNPATH_SEARCH_PATHS = "$(inherited) @executable_path/Frameworks @loader_path/Frameworks";
				PRODUCT_BUNDLE_IDENTIFIER = com.cocoapods.UnboxedAlamofireTests;
				PRODUCT_NAME = "$(TARGET_NAME)";
			};
			name = Debug;
		};
		C5CDBA731D50A62600992A82 /* Release */ = {
			isa = XCBuildConfiguration;
			buildSettings = {
				FRAMEWORK_SEARCH_PATHS = (
					"$(DEVELOPER_FRAMEWORKS_DIR)",
					"$(inherited)",
					"$(PROJECT_DIR)/Carthage/Build/iOS",
				);
				INFOPLIST_FILE = UnboxedAlamofireTests/Info.plist;
				LD_RUNPATH_SEARCH_PATHS = "$(inherited) @executable_path/Frameworks @loader_path/Frameworks";
				PRODUCT_BUNDLE_IDENTIFIER = com.cocoapods.UnboxedAlamofireTests;
				PRODUCT_NAME = "$(TARGET_NAME)";
			};
			name = Release;
		};
/* End XCBuildConfiguration section */

/* Begin XCConfigurationList section */
		C52A5D2E1D4F699100AB86C6 /* Build configuration list for PBXProject "UnboxedAlamofire" */ = {
			isa = XCConfigurationList;
			buildConfigurations = (
				C52A5D461D4F699100AB86C6 /* Debug */,
				C52A5D471D4F699100AB86C6 /* Release */,
			);
			defaultConfigurationIsVisible = 0;
			defaultConfigurationName = Release;
		};
		C52A5D481D4F699100AB86C6 /* Build configuration list for PBXNativeTarget "UnboxedAlamofire_iOS" */ = {
			isa = XCConfigurationList;
			buildConfigurations = (
				C52A5D491D4F699100AB86C6 /* Debug */,
				C52A5D4A1D4F699100AB86C6 /* Release */,
			);
			defaultConfigurationIsVisible = 0;
			defaultConfigurationName = Release;
		};
		C52A5D4B1D4F699100AB86C6 /* Build configuration list for PBXNativeTarget "UnboxedAlamofire_iOS_Tests" */ = {
			isa = XCConfigurationList;
			buildConfigurations = (
				C52A5D4C1D4F699100AB86C6 /* Debug */,
				C52A5D4D1D4F699100AB86C6 /* Release */,
			);
			defaultConfigurationIsVisible = 0;
			defaultConfigurationName = Release;
		};
		C5CDBA2F1D50A5E000992A82 /* Build configuration list for PBXNativeTarget "UnboxedAlamofire_macOS" */ = {
			isa = XCConfigurationList;
			buildConfigurations = (
				C5CDBA301D50A5E000992A82 /* Debug */,
				C5CDBA311D50A5E000992A82 /* Release */,
			);
			defaultConfigurationIsVisible = 0;
			defaultConfigurationName = Release;
		};
		C5CDBA3D1D50A5E900992A82 /* Build configuration list for PBXNativeTarget "UnboxedAlamofire_watchOS" */ = {
			isa = XCConfigurationList;
			buildConfigurations = (
				C5CDBA3E1D50A5E900992A82 /* Debug */,
				C5CDBA3F1D50A5E900992A82 /* Release */,
			);
			defaultConfigurationIsVisible = 0;
			defaultConfigurationName = Release;
		};
		C5CDBA4B1D50A5F000992A82 /* Build configuration list for PBXNativeTarget "UnboxedAlamofire_tvOS" */ = {
			isa = XCConfigurationList;
			buildConfigurations = (
				C5CDBA4C1D50A5F000992A82 /* Debug */,
				C5CDBA4D1D50A5F000992A82 /* Release */,
			);
			defaultConfigurationIsVisible = 0;
			defaultConfigurationName = Release;
		};
		C5CDBA5E1D50A61700992A82 /* Build configuration list for PBXNativeTarget "UnboxedAlamofire_macOS_Tests" */ = {
			isa = XCConfigurationList;
			buildConfigurations = (
				C5CDBA5F1D50A61700992A82 /* Debug */,
				C5CDBA601D50A61700992A82 /* Release */,
			);
			defaultConfigurationIsVisible = 0;
			defaultConfigurationName = Release;
		};
		C5CDBA711D50A62600992A82 /* Build configuration list for PBXNativeTarget "UnboxedAlamofire_tvOS_Tests" */ = {
			isa = XCConfigurationList;
			buildConfigurations = (
				C5CDBA721D50A62600992A82 /* Debug */,
				C5CDBA731D50A62600992A82 /* Release */,
			);
			defaultConfigurationIsVisible = 0;
			defaultConfigurationName = Release;
		};
/* End XCConfigurationList section */
	};
	rootObject = C52A5D2B1D4F699100AB86C6 /* Project object */;
}
